# This file is automatically @generated by Cargo.
# It is not intended for manual editing.
version = 4

[[package]]
name = "duplicate-feature-root"
version = "0.1.0"
dependencies = [
 "mid-a",
 "mid-b",
]

[[package]]
name = "fixture-leaf"
version = "0.1.0"

[[package]]
name = "mid-a"
version = "0.1.0"
dependencies = [
 "fixture-leaf",
]

[[package]]
name = "mid-b"
version = "0.1.0"
dependencies = [
 "fixture-leaf",
]
