# This file is automatically @generated by Cargo.
# It is not intended for manual editing.
version = 4

[[package]]
name = "helper"
version = "0.1.0"
dependencies = [
 "leaf",
]

[[package]]
name = "leaf"
version = "0.1.0"

[[package]]
name = "mid"
version = "0.1.0"
dependencies = [
 "leaf",
]

[[package]]
name = "resolver-app"
version = "0.1.0"
dependencies = [
 "helper",
 "leaf",
 "mid",
]

[[package]]
name = "resolver-tool"
version = "0.1.0"
dependencies = [
 "leaf",
]
